// !$*UTF8*$!
{
	archiveVersion = 1;
	classes = {
	};
	objectVersion = 50;
	objects = {

/* Begin PBXBuildFile section */
		64780192233910F300190355 /* AppDelegate.swift in Sources */ = {isa = PBXBuildFile; fileRef = 64780191233910F300190355 /* AppDelegate.swift */; };
		64780194233910F300190355 /* GameScene.sks in Resources */ = {isa = PBXBuildFile; fileRef = 64780193233910F300190355 /* GameScene.sks */; };
		64780196233910F300190355 /* Actions.sks in Resources */ = {isa = PBXBuildFile; fileRef = 64780195233910F300190355 /* Actions.sks */; };
		64780198233910F300190355 /* GameScene.swift in Sources */ = {isa = PBXBuildFile; fileRef = 64780197233910F300190355 /* GameScene.swift */; };
		6478019A233910F300190355 /* GameViewController.swift in Sources */ = {isa = PBXBuildFile; fileRef = 64780199233910F300190355 /* GameViewController.swift */; };
		6478019D233910F300190355 /* Main.storyboard in Resources */ = {isa = PBXBuildFile; fileRef = 6478019B233910F300190355 /* Main.storyboard */; };
		6478019F233910F500190355 /* Assets.xcassets in Resources */ = {isa = PBXBuildFile; fileRef = 6478019E233910F500190355 /* Assets.xcassets */; };
		647801A2233910F500190355 /* LaunchScreen.storyboard in Resources */ = {isa = PBXBuildFile; fileRef = 647801A0233910F500190355 /* LaunchScreen.storyboard */; };
		647801AA23393A9200190355 /* ball 1.png in Resources */ = {isa = PBXBuildFile; fileRef = 647801A923393A9200190355 /* ball 1.png */; };
		64DA6122234089D5008F10FB /* sawshooter_cannon.png in Resources */ = {isa = PBXBuildFile; fileRef = 64DA6121234089D5008F10FB /* sawshooter_cannon.png */; };
		64DA612423408A87008F10FB /* texture.xcassets in Resources */ = {isa = PBXBuildFile; fileRef = 64DA612323408A87008F10FB /* texture.xcassets */; };
/* End PBXBuildFile section */

/* Begin PBXFileReference section */
		6478018E233910F300190355 /* First Game.app */ = {isa = PBXFileReference; explicitFileType = wrapper.application; includeInIndex = 0; path = "First Game.app"; sourceTree = BUILT_PRODUCTS_DIR; };
		64780191233910F300190355 /* AppDelegate.swift */ = {isa = PBXFileReference; lastKnownFileType = sourcecode.swift; path = AppDelegate.swift; sourceTree = "<group>"; };
		64780193233910F300190355 /* GameScene.sks */ = {isa = PBXFileReference; lastKnownFileType = file.sks; path = GameScene.sks; sourceTree = "<group>"; };
		64780195233910F300190355 /* Actions.sks */ = {isa = PBXFileReference; lastKnownFileType = file.sks; path = Actions.sks; sourceTree = "<group>"; };
		64780197233910F300190355 /* GameScene.swift */ = {isa = PBXFileReference; lastKnownFileType = sourcecode.swift; path = GameScene.swift; sourceTree = "<group>"; };
		64780199233910F300190355 /* GameViewController.swift */ = {isa = PBXFileReference; lastKnownFileType = sourcecode.swift; path = GameViewController.swift; sourceTree = "<group>"; };
		6478019C233910F300190355 /* Base */ = {isa = PBXFileReference; lastKnownFileType = file.storyboard; name = Base; path = Base.lproj/Main.storyboard; sourceTree = "<group>"; };
		6478019E233910F500190355 /* Assets.xcassets */ = {isa = PBXFileReference; lastKnownFileType = folder.assetcatalog; path = Assets.xcassets; sourceTree = "<group>"; };
		647801A1233910F500190355 /* Base */ = {isa = PBXFileReference; lastKnownFileType = file.storyboard; name = Base; path = Base.lproj/LaunchScreen.storyboard; sourceTree = "<group>"; };
		647801A3233910F500190355 /* Info.plist */ = {isa = PBXFileReference; lastKnownFileType = text.plist.xml; path = Info.plist; sourceTree = "<group>"; };
		647801A923393A9200190355 /* ball 1.png */ = {isa = PBXFileReference; lastKnownFileType = image.png; path = "ball 1.png"; sourceTree = "<group>"; };
		64DA6121234089D5008F10FB /* sawshooter_cannon.png */ = {isa = PBXFileReference; explicitFileType = image.png; path = sawshooter_cannon.png; sourceTree = "<group>"; };
		64DA612323408A87008F10FB /* texture.xcassets */ = {isa = PBXFileReference; lastKnownFileType = folder.assetcatalog; path = texture.xcassets; sourceTree = "<group>"; };
/* End PBXFileReference section */

/* Begin PBXFrameworksBuildPhase section */
		6478018B233910F300190355 /* Frameworks */ = {
			isa = PBXFrameworksBuildPhase;
			buildActionMask = 2147483647;
			files = (
			);
			runOnlyForDeploymentPostprocessing = 0;
		};
/* End PBXFrameworksBuildPhase section */

/* Begin PBXGroup section */
		64780185233910F300190355 = {
			isa = PBXGroup;
			children = (
				64780190233910F300190355 /* First Game */,
				6478018F233910F300190355 /* Products */,
			);
			sourceTree = "<group>";
		};
		6478018F233910F300190355 /* Products */ = {
			isa = PBXGroup;
			children = (
				6478018E233910F300190355 /* First Game.app */,
			);
			name = Products;
			sourceTree = "<group>";
		};
		64780190233910F300190355 /* First Game */ = {
			isa = PBXGroup;
			children = (
				64DA6120234089D5008F10FB /* textures */,
				64780191233910F300190355 /* AppDelegate.swift */,
				64780193233910F300190355 /* GameScene.sks */,
				64DA612323408A87008F10FB /* texture.xcassets */,
				64780195233910F300190355 /* Actions.sks */,
				64780197233910F300190355 /* GameScene.swift */,
				64780199233910F300190355 /* GameViewController.swift */,
				6478019B233910F300190355 /* Main.storyboard */,
				647801A923393A9200190355 /* ball 1.png */,
				6478019E233910F500190355 /* Assets.xcassets */,
				647801A0233910F500190355 /* LaunchScreen.storyboard */,
				647801A3233910F500190355 /* Info.plist */,
			);
			path = "First Game";
			sourceTree = "<group>";
		};
		64DA6120234089D5008F10FB /* textures */ = {
			isa = PBXGroup;
			children = (
				64DA6121234089D5008F10FB /* sawshooter_cannon.png */,
			);
			path = textures;
			sourceTree = "<group>";
		};
/* End PBXGroup section */

/* Begin PBXNativeTarget section */
		6478018D233910F300190355 /* First Game */ = {
			isa = PBXNativeTarget;
			buildConfigurationList = 647801A6233910F500190355 /* Build configuration list for PBXNativeTarget "First Game" */;
			buildPhases = (
				6478018A233910F300190355 /* Sources */,
				6478018B233910F300190355 /* Frameworks */,
				6478018C233910F300190355 /* Resources */,
			);
			buildRules = (
			);
			dependencies = (
			);
			name = "First Game";
			productName = "First Game";
			productReference = 6478018E233910F300190355 /* First Game.app */;
			productType = "com.apple.product-type.application";
		};
/* End PBXNativeTarget section */

/* Begin PBXProject section */
		64780186233910F300190355 /* Project object */ = {
			isa = PBXProject;
			attributes = {
				LastSwiftUpdateCheck = 1030;
				LastUpgradeCheck = 1030;
				ORGANIZATIONNAME = "Dylan Telson";
				TargetAttributes = {
					6478018D233910F300190355 = {
						CreatedOnToolsVersion = 10.3;
					};
				};
			};
			buildConfigurationList = 64780189233910F300190355 /* Build configuration list for PBXProject "First Game" */;
			compatibilityVersion = "Xcode 9.3";
			developmentRegion = en;
			hasScannedForEncodings = 0;
			knownRegions = (
				en,
				Base,
			);
			mainGroup = 64780185233910F300190355;
			productRefGroup = 6478018F233910F300190355 /* Products */;
			projectDirPath = "";
			projectRoot = "";
			targets = (
				6478018D233910F300190355 /* First Game */,
			);
		};
/* End PBXProject section */

/* Begin PBXResourcesBuildPhase section */
		6478018C233910F300190355 /* Resources */ = {
			isa = PBXResourcesBuildPhase;
			buildActionMask = 2147483647;
			files = (
				6478019D233910F300190355 /* Main.storyboard in Resources */,
				64780194233910F300190355 /* GameScene.sks in Resources */,
				6478019F233910F500190355 /* Assets.xcassets in Resources */,
				647801A2233910F500190355 /* LaunchScreen.storyboard in Resources */,
				64DA6122234089D5008F10FB /* sawshooter_cannon.png in Resources */,
				64DA612423408A87008F10FB /* texture.xcassets in Resources */,
				64780196233910F300190355 /* Actions.sks in Resources */,
				647801AA23393A9200190355 /* ball 1.png in Resources */,
			);
			runOnlyForDeploymentPostprocessing = 0;
		};
/* End PBXResourcesBuildPhase section */

/* Begin PBXSourcesBuildPhase section */
		6478018A233910F300190355 /* Sources */ = {
			isa = PBXSourcesBuildPhase;
			buildActionMask = 2147483647;
			files = (
				64780198233910F300190355 /* GameScene.swift in Sources */,
				6478019A233910F300190355 /* GameViewController.swift in Sources */,
				64780192233910F300190355 /* AppDelegate.swift in Sources */,
			);
			runOnlyForDeploymentPostprocessing = 0;
		};
/* End PBXSourcesBuildPhase section */

/* Begin PBXVariantGroup section */
		6478019B233910F300190355 /* Main.storyboard */ = {
			isa = PBXVariantGroup;
			children = (
				6478019C233910F300190355 /* Base */,
			);
			name = Main.storyboard;
			sourceTree = "<group>";
		};
		647801A0233910F500190355 /* LaunchScreen.storyboard */ = {
			isa = PBXVariantGroup;
			children = (
				647801A1233910F500190355 /* Base */,
			);
			name = LaunchScreen.storyboard;
			sourceTree = "<group>";
		};
/* End PBXVariantGroup section */

/* Begin XCBuildConfiguration section */
		647801A4233910F500190355 /* Debug */ = {
			isa = XCBuildConfiguration;
			buildSettings = {
				ALWAYS_SEARCH_USER_PATHS = NO;
				CLANG_ANALYZER_NONNULL = YES;
				CLANG_ANALYZER_NUMBER_OBJECT_CONVERSION = YES_AGGRESSIVE;
				CLANG_CXX_LANGUAGE_STANDARD = "gnu++14";
				CLANG_CXX_LIBRARY = "libc++";
				CLANG_ENABLE_MODULES = YES;
				CLANG_ENABLE_OBJC_ARC = YES;
				CLANG_ENABLE_OBJC_WEAK = YES;
				CLANG_WARN_BLOCK_CAPTURE_AUTORELEASING = YES;
				CLANG_WARN_BOOL_CONVERSION = YES;
				CLANG_WARN_COMMA = YES;
				CLANG_WARN_CONSTANT_CONVERSION = YES;
				CLANG_WARN_DEPRECATED_OBJC_IMPLEMENTATIONS = YES;
				CLANG_WARN_DIRECT_OBJC_ISA_USAGE = YES_ERROR;
				CLANG_WARN_DOCUMENTATION_COMMENTS = YES;
				CLANG_WARN_EMPTY_BODY = YES;
				CLANG_WARN_ENUM_CONVERSION = YES;
				CLANG_WARN_INFINITE_RECURSION = YES;
				CLANG_WARN_INT_CONVERSION = YES;
				CLANG_WARN_NON_LITERAL_NULL_CONVERSION = YES;
				CLANG_WARN_OBJC_IMPLICIT_RETAIN_SELF = YES;
				CLANG_WARN_OBJC_LITERAL_CONVERSION = YES;
				CLANG_WARN_OBJC_ROOT_CLASS = YES_ERROR;
				CLANG_WARN_RANGE_LOOP_ANALYSIS = YES;
				CLANG_WARN_STRICT_PROTOTYPES = YES;
				CLANG_WARN_SUSPICIOUS_MOVE = YES;
				CLANG_WARN_UNGUARDED_AVAILABILITY = YES_AGGRESSIVE;
				CLANG_WARN_UNREACHABLE_CODE = YES;
				CLANG_WARN__DUPLICATE_METHOD_MATCH = YES;
				CODE_SIGN_IDENTITY = "iPhone Developer";
				COPY_PHASE_STRIP = NO;
				DEBUG_INFORMATION_FORMAT = dwarf;
				ENABLE_STRICT_OBJC_MSGSEND = YES;
				ENABLE_TESTABILITY = YES;
				GCC_C_LANGUAGE_STANDARD = gnu11;
				GCC_DYNAMIC_NO_PIC = NO;
				GCC_NO_COMMON_BLOCKS = YES;
				GCC_OPTIMIZATION_LEVEL = 0;
				GCC_PREPROCESSOR_DEFINITIONS = (
					"DEBUG=1",
					"$(inherited)",
				);
				GCC_WARN_64_TO_32_BIT_CONVERSION = YES;
				GCC_WARN_ABOUT_RETURN_TYPE = YES_ERROR;
				GCC_WARN_UNDECLARED_SELECTOR = YES;
				GCC_WARN_UNINITIALIZED_AUTOS = YES_AGGRESSIVE;
				GCC_WARN_UNUSED_FUNCTION = YES;
				GCC_WARN_UNUSED_VARIABLE = YES;
				IPHONEOS_DEPLOYMENT_TARGET = 12.4;
				MTL_ENABLE_DEBUG_INFO = INCLUDE_SOURCE;
				MTL_FAST_MATH = YES;
				ONLY_ACTIVE_ARCH = YES;
				SDKROOT = iphoneos;
				SWIFT_ACTIVE_COMPILATION_CONDITIONS = DEBUG;
				SWIFT_OPTIMIZATION_LEVEL = "-Onone";
			};
			name = Debug;
		};
		647801A5233910F500190355 /* Release */ = {
			isa = XCBuildConfiguration;
			buildSettings = {
				ALWAYS_SEARCH_USER_PATHS = NO;
				CLANG_ANALYZER_NONNULL = YES;
				CLANG_ANALYZER_NUMBER_OBJECT_CONVERSION = YES_AGGRESSIVE;
				CLANG_CXX_LANGUAGE_STANDARD = "gnu++14";
				CLANG_CXX_LIBRARY = "libc++";
				CLANG_ENABLE_MODULES = YES;
				CLANG_ENABLE_OBJC_ARC = YES;
				CLANG_ENABLE_OBJC_WEAK = YES;
				CLANG_WARN_BLOCK_CAPTURE_AUTORELEASING = YES;
				CLANG_WARN_BOOL_CONVERSION = YES;
				CLANG_WARN_COMMA = YES;
				CLANG_WARN_CONSTANT_CONVERSION = YES;
				CLANG_WARN_DEPRECATED_OBJC_IMPLEMENTATIONS = YES;
				CLANG_WARN_DIRECT_OBJC_ISA_USAGE = YES_ERROR;
				CLANG_WARN_DOCUMENTATION_COMMENTS = YES;
				CLANG_WARN_EMPTY_BODY = YES;
				CLANG_WARN_ENUM_CONVERSION = YES;
				CLANG_WARN_INFINITE_RECURSION = YES;
				CLANG_WARN_INT_CONVERSION = YES;
				CLANG_WARN_NON_LITERAL_NULL_CONVERSION = YES;
				CLANG_WARN_OBJC_IMPLICIT_RETAIN_SELF = YES;
				CLANG_WARN_OBJC_LITERAL_CONVERSION = YES;
				CLANG_WARN_OBJC_ROOT_CLASS = YES_ERROR;
				CLANG_WARN_RANGE_LOOP_ANALYSIS = YES;
				CLANG_WARN_STRICT_PROTOTYPES = YES;
				CLANG_WARN_SUSPICIOUS_MOVE = YES;
				CLANG_WARN_UNGUARDED_AVAILABILITY = YES_AGGRESSIVE;
				CLANG_WARN_UNREACHABLE_CODE = YES;
				CLANG_WARN__DUPLICATE_METHOD_MATCH = YES;
				CODE_SIGN_IDENTITY = "iPhone Developer";
				COPY_PHASE_STRIP = NO;
				DEBUG_INFORMATION_FORMAT = "dwarf-with-dsym";
				ENABLE_NS_ASSERTIONS = NO;
				ENABLE_STRICT_OBJC_MSGSEND = YES;
				GCC_C_LANGUAGE_STANDARD = gnu11;
				GCC_NO_COMMON_BLOCKS = YES;
				GCC_WARN_64_TO_32_BIT_CONVERSION = YES;
				GCC_WARN_ABOUT_RETURN_TYPE = YES_ERROR;
				GCC_WARN_UNDECLARED_SELECTOR = YES;
				GCC_WARN_UNINITIALIZED_AUTOS = YES_AGGRESSIVE;
				GCC_WARN_UNUSED_FUNCTION = YES;
				GCC_WARN_UNUSED_VARIABLE = YES;
				IPHONEOS_DEPLOYMENT_TARGET = 12.4;
				MTL_ENABLE_DEBUG_INFO = NO;
				MTL_FAST_MATH = YES;
				SDKROOT = iphoneos;
				SWIFT_COMPILATION_MODE = wholemodule;
				SWIFT_OPTIMIZATION_LEVEL = "-O";
				VALIDATE_PRODUCT = YES;
			};
			name = Release;
		};
		647801A7233910F500190355 /* Debug */ = {
			isa = XCBuildConfiguration;
			buildSettings = {
				ASSETCATALOG_COMPILER_APPICON_NAME = AppIcon;
				CODE_SIGN_STYLE = Automatic;
				DEVELOPMENT_TEAM = M2SK5W4MK3;
				INFOPLIST_FILE = "First Game/Info.plist";
				LD_RUNPATH_SEARCH_PATHS = (
					"$(inherited)",
					"@executable_path/Frameworks",
				);
				PRODUCT_BUNDLE_IDENTIFIER = "com.example.First-Game";
				PRODUCT_NAME = "$(TARGET_NAME)";
				SWIFT_VERSION = 5.0;
				TARGETED_DEVICE_FAMILY = "1,2";
			};
			name = Debug;
		};
		647801A8233910F500190355 /* Release */ = {
			isa = XCBuildConfiguration;
			buildSettings = {
				ASSETCATALOG_COMPILER_APPICON_NAME = AppIcon;
				CODE_SIGN_STYLE = Automatic;
				DEVELOPMENT_TEAM = M2SK5W4MK3;
				INFOPLIST_FILE = "First Game/Info.plist";
				LD_RUNPATH_SEARCH_PATHS = (
					"$(inherited)",
					"@executable_path/Frameworks",
				);
				PRODUCT_BUNDLE_IDENTIFIER = "com.example.First-Game";
				PRODUCT_NAME = "$(TARGET_NAME)";
				SWIFT_VERSION = 5.0;
				TARGETED_DEVICE_FAMILY = "1,2";
			};
			name = Release;
		};
/* End XCBuildConfiguration section */

/* Begin XCConfigurationList section */
		64780189233910F300190355 /* Build configuration list for PBXProject "First Game" */ = {
			isa = XCConfigurationList;
			buildConfigurations = (
				647801A4233910F500190355 /* Debug */,
				647801A5233910F500190355 /* Release */,
			);
			defaultConfigurationIsVisible = 0;
			defaultConfigurationName = Release;
		};
		647801A6233910F500190355 /* Build configuration list for PBXNativeTarget "First Game" */ = {
			isa = XCConfigurationList;
			buildConfigurations = (
				647801A7233910F500190355 /* Debug */,
				647801A8233910F500190355 /* Release */,
			);
			defaultConfigurationIsVisible = 0;
			defaultConfigurationName = Release;
		};
/* End XCConfigurationList section */
	};
	rootObject = 64780186233910F300190355 /* Project object */;
}
